
Microsoft Visual Studio Solution File, Format Version 12.00
# Visual Studio 15
VisualStudioVersion = 15.0.26730.10
MinimumVisualStudioVersion = 10.0.40219.1
Project("{E24C65DC-7377-472B-9ABA-BC803B73C61A}") = "Project Oct 28", "..\..\..\Project Oct 28\", "{198A0AAE-821A-4FC3-ACFC-3FA334C24068}"
	ProjectSection(WebsiteProperties) = preProject
		TargetFrameworkMoniker = ".NETFramework,Version%3Dv4.6.1"
		Debug.AspNetCompiler.VirtualPath = "/localhost_57018"
		Debug.AspNetCompiler.PhysicalPath = "..\..\..\Project Oct 28\"
		Debug.AspNetCompiler.TargetPath = "PrecompiledWeb\localhost_57018\"
		Debug.AspNetCompiler.Updateable = "true"
		Debug.AspNetCompiler.ForceOverwrite = "true"
		Debug.AspNetCompiler.FixedNames = "false"
		Debug.AspNetCompiler.Debug = "True"
		Release.AspNetCompiler.VirtualPath = "/localhost_57018"
		Release.AspNetCompiler.PhysicalPath = "..\..\..\Project Oct 28\"
		Release.AspNetCompiler.TargetPath = "PrecompiledWeb\localhost_57018\"
		Release.AspNetCompiler.Updateable = "true"
		Release.AspNetCompiler.ForceOverwrite = "true"
		Release.AspNetCompiler.FixedNames = "false"
		Release.AspNetCompiler.Debug = "False"
		VWDPort = "57018"
		SlnRelativePath = "..\..\..\Project Oct 28\"
		DefaultWebSiteLanguage = "Visual C#"
	EndProjectSection
EndProject
Global
	GlobalSection(SolutionConfigurationPlatforms) = preSolution
		Debug|Any CPU = Debug|Any CPU
	EndGlobalSection
	GlobalSection(ProjectConfigurationPlatforms) = postSolution
		{198A0AAE-821A-4FC3-ACFC-3FA334C24068}.Debug|Any CPU.ActiveCfg = Debug|Any CPU
		{198A0AAE-821A-4FC3-ACFC-3FA334C24068}.Debug|Any CPU.Build.0 = Debug|Any CPU
	EndGlobalSection
	GlobalSection(SolutionProperties) = preSolution
		HideSolutionNode = FALSE
	EndGlobalSection
	GlobalSection(ExtensibilityGlobals) = postSolution
		SolutionGuid = {C0DAC4E7-F3BC-4DD4-98F9-9E2211DCFA2B}
	EndGlobalSection
EndGlobal
